// !$*UTF8*$!
{
	archiveVersion = 1;
	classes = {
	};
	objectVersion = 50;
	objects = {

/* Begin PBXBuildFile section */
		863833382482F3CE0008F059 /* AppDelegate.m in Sources */ = {isa = PBXBuildFile; fileRef = 863833372482F3CE0008F059 /* AppDelegate.m */; };
		8638333B2482F3CE0008F059 /* SceneDelegate.m in Sources */ = {isa = PBXBuildFile; fileRef = 8638333A2482F3CE0008F059 /* SceneDelegate.m */; };
		8638333E2482F3CE0008F059 /* ViewController.m in Sources */ = {isa = PBXBuildFile; fileRef = 8638333D2482F3CE0008F059 /* ViewController.m */; };
		863833412482F3CE0008F059 /* Main.storyboard in Resources */ = {isa = PBXBuildFile; fileRef = 8638333F2482F3CE0008F059 /* Main.storyboard */; };
		863833432482F3D00008F059 /* Assets.xcassets in Resources */ = {isa = PBXBuildFile; fileRef = 863833422482F3D00008F059 /* Assets.xcassets */; };
		863833462482F3D00008F059 /* LaunchScreen.storyboard in Resources */ = {isa = PBXBuildFile; fileRef = 863833442482F3D00008F059 /* LaunchScreen.storyboard */; };
		863833492482F3D00008F059 /* main.m in Sources */ = {isa = PBXBuildFile; fileRef = 863833482482F3D00008F059 /* main.m */; };
		863833542482F4BB0008F059 /* OApi.m in Sources */ = {isa = PBXBuildFile; fileRef = 863833532482F4BB0008F059 /* OApi.m */; };
		863833582483AC1E0008F059 /* NTR-Regular.ttf in Resources */ = {isa = PBXBuildFile; fileRef = 863833572483AC1E0008F059 /* NTR-Regular.ttf */; };
		8638335C2483C6230008F059 /* WeatherCell.m in Sources */ = {isa = PBXBuildFile; fileRef = 8638335B2483C6230008F059 /* WeatherCell.m */; };
/* End PBXBuildFile section */

/* Begin PBXFileReference section */
		863833332482F3CE0008F059 /* OWeather.app */ = {isa = PBXFileReference; explicitFileType = wrapper.application; includeInIndex = 0; path = OWeather.app; sourceTree = BUILT_PRODUCTS_DIR; };
		863833362482F3CE0008F059 /* AppDelegate.h */ = {isa = PBXFileReference; lastKnownFileType = sourcecode.c.h; path = AppDelegate.h; sourceTree = "<group>"; };
		863833372482F3CE0008F059 /* AppDelegate.m */ = {isa = PBXFileReference; lastKnownFileType = sourcecode.c.objc; path = AppDelegate.m; sourceTree = "<group>"; };
		863833392482F3CE0008F059 /* SceneDelegate.h */ = {isa = PBXFileReference; lastKnownFileType = sourcecode.c.h; path = SceneDelegate.h; sourceTree = "<group>"; };
		8638333A2482F3CE0008F059 /* SceneDelegate.m */ = {isa = PBXFileReference; lastKnownFileType = sourcecode.c.objc; path = SceneDelegate.m; sourceTree = "<group>"; };
		8638333C2482F3CE0008F059 /* ViewController.h */ = {isa = PBXFileReference; lastKnownFileType = sourcecode.c.h; path = ViewController.h; sourceTree = "<group>"; };
		8638333D2482F3CE0008F059 /* ViewController.m */ = {isa = PBXFileReference; lastKnownFileType = sourcecode.c.objc; path = ViewController.m; sourceTree = "<group>"; };
		863833402482F3CE0008F059 /* Base */ = {isa = PBXFileReference; lastKnownFileType = file.storyboard; name = Base; path = Base.lproj/Main.storyboard; sourceTree = "<group>"; };
		863833422482F3D00008F059 /* Assets.xcassets */ = {isa = PBXFileReference; lastKnownFileType = folder.assetcatalog; path = Assets.xcassets; sourceTree = "<group>"; };
		863833452482F3D00008F059 /* Base */ = {isa = PBXFileReference; lastKnownFileType = file.storyboard; name = Base; path = Base.lproj/LaunchScreen.storyboard; sourceTree = "<group>"; };
		863833472482F3D00008F059 /* Info.plist */ = {isa = PBXFileReference; lastKnownFileType = text.plist.xml; path = Info.plist; sourceTree = "<group>"; };
		863833482482F3D00008F059 /* main.m */ = {isa = PBXFileReference; lastKnownFileType = sourcecode.c.objc; path = main.m; sourceTree = "<group>"; };
		863833522482F4BB0008F059 /* OApi.h */ = {isa = PBXFileReference; lastKnownFileType = sourcecode.c.h; path = OApi.h; sourceTree = "<group>"; };
		863833532482F4BB0008F059 /* OApi.m */ = {isa = PBXFileReference; lastKnownFileType = sourcecode.c.objc; path = OApi.m; sourceTree = "<group>"; };
		863833572483AC1E0008F059 /* NTR-Regular.ttf */ = {isa = PBXFileReference; lastKnownFileType = file; path = "NTR-Regular.ttf"; sourceTree = "<group>"; };
		8638335A2483C6230008F059 /* WeatherCell.h */ = {isa = PBXFileReference; lastKnownFileType = sourcecode.c.h; path = WeatherCell.h; sourceTree = "<group>"; };
		8638335B2483C6230008F059 /* WeatherCell.m */ = {isa = PBXFileReference; lastKnownFileType = sourcecode.c.objc; path = WeatherCell.m; sourceTree = "<group>"; };
/* End PBXFileReference section */

/* Begin PBXFrameworksBuildPhase section */
		863833302482F3CE0008F059 /* Frameworks */ = {
			isa = PBXFrameworksBuildPhase;
			buildActionMask = 2147483647;
			files = (
			);
			runOnlyForDeploymentPostprocessing = 0;
		};
/* End PBXFrameworksBuildPhase section */

/* Begin PBXGroup section */
		8638332A2482F3CE0008F059 = {
			isa = PBXGroup;
			children = (
				863833352482F3CE0008F059 /* OWeather */,
				863833342482F3CE0008F059 /* Products */,
			);
			sourceTree = "<group>";
		};
		863833342482F3CE0008F059 /* Products */ = {
			isa = PBXGroup;
			children = (
				863833332482F3CE0008F059 /* OWeather.app */,
			);
			name = Products;
			sourceTree = "<group>";
		};
		863833352482F3CE0008F059 /* OWeather */ = {
			isa = PBXGroup;
			children = (
				863833592483C60A0008F059 /* Views */,
				863833562483AC020008F059 /* Fonts */,
				863833552482FBB50008F059 /* Data */,
				863833512482F4590008F059 /* Network */,
				863833502482F3F00008F059 /* Controllers */,
				863833472482F3D00008F059 /* Info.plist */,
				8638334F2482F3DB0008F059 /* Support */,
			);
			path = OWeather;
			sourceTree = "<group>";
		};
		8638334F2482F3DB0008F059 /* Support */ = {
			isa = PBXGroup;
			children = (
				863833362482F3CE0008F059 /* AppDelegate.h */,
				863833372482F3CE0008F059 /* AppDelegate.m */,
				863833392482F3CE0008F059 /* SceneDelegate.h */,
				8638333A2482F3CE0008F059 /* SceneDelegate.m */,
				8638333F2482F3CE0008F059 /* Main.storyboard */,
				863833422482F3D00008F059 /* Assets.xcassets */,
				863833442482F3D00008F059 /* LaunchScreen.storyboard */,
				863833482482F3D00008F059 /* main.m */,
			);
			path = Support;
			sourceTree = "<group>";
		};
		863833502482F3F00008F059 /* Controllers */ = {
			isa = PBXGroup;
			children = (
				8638333C2482F3CE0008F059 /* ViewController.h */,
				8638333D2482F3CE0008F059 /* ViewController.m */,
			);
			path = Controllers;
			sourceTree = "<group>";
		};
		863833512482F4590008F059 /* Network */ = {
			isa = PBXGroup;
			children = (
				863833522482F4BB0008F059 /* OApi.h */,
				863833532482F4BB0008F059 /* OApi.m */,
			);
			path = Network;
			sourceTree = "<group>";
		};
		863833552482FBB50008F059 /* Data */ = {
			isa = PBXGroup;
			children = (
			);
			path = Data;
			sourceTree = "<group>";
		};
		863833562483AC020008F059 /* Fonts */ = {
			isa = PBXGroup;
			children = (
				863833572483AC1E0008F059 /* NTR-Regular.ttf */,
			);
			path = Fonts;
			sourceTree = "<group>";
		};
		863833592483C60A0008F059 /* Views */ = {
			isa = PBXGroup;
			children = (
				8638335A2483C6230008F059 /* WeatherCell.h */,
				8638335B2483C6230008F059 /* WeatherCell.m */,
			);
			path = Views;
			sourceTree = "<group>";
		};
/* End PBXGroup section */

/* Begin PBXNativeTarget section */
		863833322482F3CE0008F059 /* OWeather */ = {
			isa = PBXNativeTarget;
			buildConfigurationList = 8638334C2482F3D00008F059 /* Build configuration list for PBXNativeTarget "OWeather" */;
			buildPhases = (
				8638332F2482F3CE0008F059 /* Sources */,
				863833302482F3CE0008F059 /* Frameworks */,
				863833312482F3CE0008F059 /* Resources */,
			);
			buildRules = (
			);
			dependencies = (
			);
			name = OWeather;
			productName = OWeather;
			productReference = 863833332482F3CE0008F059 /* OWeather.app */;
			productType = "com.apple.product-type.application";
		};
/* End PBXNativeTarget section */

/* Begin PBXProject section */
		8638332B2482F3CE0008F059 /* Project object */ = {
			isa = PBXProject;
			attributes = {
				LastUpgradeCheck = 1140;
				ORGANIZATIONNAME = "Uladzislau Volchyk";
				TargetAttributes = {
					863833322482F3CE0008F059 = {
						CreatedOnToolsVersion = 11.4;
					};
				};
			};
			buildConfigurationList = 8638332E2482F3CE0008F059 /* Build configuration list for PBXProject "OWeather" */;
			compatibilityVersion = "Xcode 9.3";
			developmentRegion = en;
			hasScannedForEncodings = 0;
			knownRegions = (
				en,
				Base,
			);
			mainGroup = 8638332A2482F3CE0008F059;
			productRefGroup = 863833342482F3CE0008F059 /* Products */;
			projectDirPath = "";
			projectRoot = "";
			targets = (
				863833322482F3CE0008F059 /* OWeather */,
			);
		};
/* End PBXProject section */

/* Begin PBXResourcesBuildPhase section */
		863833312482F3CE0008F059 /* Resources */ = {
			isa = PBXResourcesBuildPhase;
			buildActionMask = 2147483647;
			files = (
				863833462482F3D00008F059 /* LaunchScreen.storyboard in Resources */,
				863833432482F3D00008F059 /* Assets.xcassets in Resources */,
				863833582483AC1E0008F059 /* NTR-Regular.ttf in Resources */,
				863833412482F3CE0008F059 /* Main.storyboard in Resources */,
			);
			runOnlyForDeploymentPostprocessing = 0;
		};
/* End PBXResourcesBuildPhase section */

/* Begin PBXSourcesBuildPhase section */
		8638332F2482F3CE0008F059 /* Sources */ = {
			isa = PBXSourcesBuildPhase;
			buildActionMask = 2147483647;
			files = (
				863833542482F4BB0008F059 /* OApi.m in Sources */,
				8638333E2482F3CE0008F059 /* ViewController.m in Sources */,
				863833382482F3CE0008F059 /* AppDelegate.m in Sources */,
				863833492482F3D00008F059 /* main.m in Sources */,
				8638335C2483C6230008F059 /* WeatherCell.m in Sources */,
				8638333B2482F3CE0008F059 /* SceneDelegate.m in Sources */,
			);
			runOnlyForDeploymentPostprocessing = 0;
		};
/* End PBXSourcesBuildPhase section */

/* Begin PBXVariantGroup section */
		8638333F2482F3CE0008F059 /* Main.storyboard */ = {
			isa = PBXVariantGroup;
			children = (
				863833402482F3CE0008F059 /* Base */,
			);
			name = Main.storyboard;
			sourceTree = "<group>";
		};
		863833442482F3D00008F059 /* LaunchScreen.storyboard */ = {
			isa = PBXVariantGroup;
			children = (
				863833452482F3D00008F059 /* Base */,
			);
			name = LaunchScreen.storyboard;
			sourceTree = "<group>";
		};
/* End PBXVariantGroup section */

/* Begin XCBuildConfiguration section */
		8638334A2482F3D00008F059 /* Debug */ = {
			isa = XCBuildConfiguration;
			buildSettings = {
				ALWAYS_SEARCH_USER_PATHS = NO;
				CLANG_ANALYZER_NONNULL = YES;
				CLANG_ANALYZER_NUMBER_OBJECT_CONVERSION = YES_AGGRESSIVE;
				CLANG_CXX_LANGUAGE_STANDARD = "gnu++14";
				CLANG_CXX_LIBRARY = "libc++";
				CLANG_ENABLE_MODULES = YES;
				CLANG_ENABLE_OBJC_ARC = YES;
				CLANG_ENABLE_OBJC_WEAK = YES;
				CLANG_WARN_BLOCK_CAPTURE_AUTORELEASING = YES;
				CLANG_WARN_BOOL_CONVERSION = YES;
				CLANG_WARN_COMMA = YES;
				CLANG_WARN_CONSTANT_CONVERSION = YES;
				CLANG_WARN_DEPRECATED_OBJC_IMPLEMENTATIONS = YES;
				CLANG_WARN_DIRECT_OBJC_ISA_USAGE = YES_ERROR;
				CLANG_WARN_DOCUMENTATION_COMMENTS = YES;
				CLANG_WARN_EMPTY_BODY = YES;
				CLANG_WARN_ENUM_CONVERSION = YES;
				CLANG_WARN_INFINITE_RECURSION = YES;
				CLANG_WARN_INT_CONVERSION = YES;
				CLANG_WARN_NON_LITERAL_NULL_CONVERSION = YES;
				CLANG_WARN_OBJC_IMPLICIT_RETAIN_SELF = YES;
				CLANG_WARN_OBJC_LITERAL_CONVERSION = YES;
				CLANG_WARN_OBJC_ROOT_CLASS = YES_ERROR;
				CLANG_WARN_RANGE_LOOP_ANALYSIS = YES;
				CLANG_WARN_STRICT_PROTOTYPES = YES;
				CLANG_WARN_SUSPICIOUS_MOVE = YES;
				CLANG_WARN_UNGUARDED_AVAILABILITY = YES_AGGRESSIVE;
				CLANG_WARN_UNREACHABLE_CODE = YES;
				CLANG_WARN__DUPLICATE_METHOD_MATCH = YES;
				COPY_PHASE_STRIP = NO;
				DEBUG_INFORMATION_FORMAT = dwarf;
				ENABLE_STRICT_OBJC_MSGSEND = YES;
				ENABLE_TESTABILITY = YES;
				GCC_C_LANGUAGE_STANDARD = gnu11;
				GCC_DYNAMIC_NO_PIC = NO;
				GCC_NO_COMMON_BLOCKS = YES;
				GCC_OPTIMIZATION_LEVEL = 0;
				GCC_PREPROCESSOR_DEFINITIONS = (
					"DEBUG=1",
					"$(inherited)",
				);
				GCC_WARN_64_TO_32_BIT_CONVERSION = YES;
				GCC_WARN_ABOUT_RETURN_TYPE = YES_ERROR;
				GCC_WARN_UNDECLARED_SELECTOR = YES;
				GCC_WARN_UNINITIALIZED_AUTOS = YES_AGGRESSIVE;
				GCC_WARN_UNUSED_FUNCTION = YES;
				GCC_WARN_UNUSED_VARIABLE = YES;
				IPHONEOS_DEPLOYMENT_TARGET = 13.4;
				MTL_ENABLE_DEBUG_INFO = INCLUDE_SOURCE;
				MTL_FAST_MATH = YES;
				ONLY_ACTIVE_ARCH = YES;
				SDKROOT = iphoneos;
			};
			name = Debug;
		};
		8638334B2482F3D00008F059 /* Release */ = {
			isa = XCBuildConfiguration;
			buildSettings = {
				ALWAYS_SEARCH_USER_PATHS = NO;
				CLANG_ANALYZER_NONNULL = YES;
				CLANG_ANALYZER_NUMBER_OBJECT_CONVERSION = YES_AGGRESSIVE;
				CLANG_CXX_LANGUAGE_STANDARD = "gnu++14";
				CLANG_CXX_LIBRARY = "libc++";
				CLANG_ENABLE_MODULES = YES;
				CLANG_ENABLE_OBJC_ARC = YES;
				CLANG_ENABLE_OBJC_WEAK = YES;
				CLANG_WARN_BLOCK_CAPTURE_AUTORELEASING = YES;
				CLANG_WARN_BOOL_CONVERSION = YES;
				CLANG_WARN_COMMA = YES;
				CLANG_WARN_CONSTANT_CONVERSION = YES;
				CLANG_WARN_DEPRECATED_OBJC_IMPLEMENTATIONS = YES;
				CLANG_WARN_DIRECT_OBJC_ISA_USAGE = YES_ERROR;
				CLANG_WARN_DOCUMENTATION_COMMENTS = YES;
				CLANG_WARN_EMPTY_BODY = YES;
				CLANG_WARN_ENUM_CONVERSION = YES;
				CLANG_WARN_INFINITE_RECURSION = YES;
				CLANG_WARN_INT_CONVERSION = YES;
				CLANG_WARN_NON_LITERAL_NULL_CONVERSION = YES;
				CLANG_WARN_OBJC_IMPLICIT_RETAIN_SELF = YES;
				CLANG_WARN_OBJC_LITERAL_CONVERSION = YES;
				CLANG_WARN_OBJC_ROOT_CLASS = YES_ERROR;
				CLANG_WARN_RANGE_LOOP_ANALYSIS = YES;
				CLANG_WARN_STRICT_PROTOTYPES = YES;
				CLANG_WARN_SUSPICIOUS_MOVE = YES;
				CLANG_WARN_UNGUARDED_AVAILABILITY = YES_AGGRESSIVE;
				CLANG_WARN_UNREACHABLE_CODE = YES;
				CLANG_WARN__DUPLICATE_METHOD_MATCH = YES;
				COPY_PHASE_STRIP = NO;
				DEBUG_INFORMATION_FORMAT = "dwarf-with-dsym";
				ENABLE_NS_ASSERTIONS = NO;
				ENABLE_STRICT_OBJC_MSGSEND = YES;
				GCC_C_LANGUAGE_STANDARD = gnu11;
				GCC_NO_COMMON_BLOCKS = YES;
				GCC_WARN_64_TO_32_BIT_CONVERSION = YES;
				GCC_WARN_ABOUT_RETURN_TYPE = YES_ERROR;
				GCC_WARN_UNDECLARED_SELECTOR = YES;
				GCC_WARN_UNINITIALIZED_AUTOS = YES_AGGRESSIVE;
				GCC_WARN_UNUSED_FUNCTION = YES;
				GCC_WARN_UNUSED_VARIABLE = YES;
				IPHONEOS_DEPLOYMENT_TARGET = 13.4;
				MTL_ENABLE_DEBUG_INFO = NO;
				MTL_FAST_MATH = YES;
				SDKROOT = iphoneos;
				VALIDATE_PRODUCT = YES;
			};
			name = Release;
		};
		8638334D2482F3D00008F059 /* Debug */ = {
			isa = XCBuildConfiguration;
			buildSettings = {
				ASSETCATALOG_COMPILER_APPICON_NAME = AppIcon;
				CODE_SIGN_STYLE = Automatic;
				DEVELOPMENT_TEAM = 7YP67DVLV3;
				INFOPLIST_FILE = OWeather/Info.plist;
				LD_RUNPATH_SEARCH_PATHS = (
					"$(inherited)",
					"@executable_path/Frameworks",
				);
				PRODUCT_BUNDLE_IDENTIFIER = com.uvolchyk.OWeather;
				PRODUCT_NAME = "$(TARGET_NAME)";
				TARGETED_DEVICE_FAMILY = "1,2";
			};
			name = Debug;
		};
		8638334E2482F3D00008F059 /* Release */ = {
			isa = XCBuildConfiguration;
			buildSettings = {
				ASSETCATALOG_COMPILER_APPICON_NAME = AppIcon;
				CODE_SIGN_STYLE = Automatic;
				DEVELOPMENT_TEAM = 7YP67DVLV3;
				INFOPLIST_FILE = OWeather/Info.plist;
				LD_RUNPATH_SEARCH_PATHS = (
					"$(inherited)",
					"@executable_path/Frameworks",
				);
				PRODUCT_BUNDLE_IDENTIFIER = com.uvolchyk.OWeather;
				PRODUCT_NAME = "$(TARGET_NAME)";
				TARGETED_DEVICE_FAMILY = "1,2";
			};
			name = Release;
		};
/* End XCBuildConfiguration section */

/* Begin XCConfigurationList section */
		8638332E2482F3CE0008F059 /* Build configuration list for PBXProject "OWeather" */ = {
			isa = XCConfigurationList;
			buildConfigurations = (
				8638334A2482F3D00008F059 /* Debug */,
				8638334B2482F3D00008F059 /* Release */,
			);
			defaultConfigurationIsVisible = 0;
			defaultConfigurationName = Release;
		};
		8638334C2482F3D00008F059 /* Build configuration list for PBXNativeTarget "OWeather" */ = {
			isa = XCConfigurationList;
			buildConfigurations = (
				8638334D2482F3D00008F059 /* Debug */,
				8638334E2482F3D00008F059 /* Release */,
			);
			defaultConfigurationIsVisible = 0;
			defaultConfigurationName = Release;
		};
/* End XCConfigurationList section */
	};
	rootObject = 8638332B2482F3CE0008F059 /* Project object */;
}
